
Microsoft Visual Studio Solution File, Format Version 12.00
# Visual Studio Version 16
VisualStudioVersion = 16.0.30413.136
MinimumVisualStudioVersion = 10.0.40219.1
Project("{FAE04EC0-301F-11D3-BF4B-00C04F79EFBC}") = "Trabajo practico 2", "Trabajo practico 2\Trabajo practico 2.csproj", "{103FED7B-8C7D-435C-A9DF-B684928B81EB}"
EndProject
Global
	GlobalSection(SolutionConfigurationPlatforms) = preSolution
		Debug|Any CPU = Debug|Any CPU
		Release|Any CPU = Release|Any CPU
	EndGlobalSection
	GlobalSection(ProjectConfigurationPlatforms) = postSolution
		{103FED7B-8C7D-435C-A9DF-B684928B81EB}.Debug|Any CPU.ActiveCfg = Debug|Any CPU
		{103FED7B-8C7D-435C-A9DF-B684928B81EB}.Debug|Any CPU.Build.0 = Debug|Any CPU
		{103FED7B-8C7D-435C-A9DF-B684928B81EB}.Release|Any CPU.ActiveCfg = Release|Any CPU
		{103FED7B-8C7D-435C-A9DF-B684928B81EB}.Release|Any CPU.Build.0 = Release|Any CPU
	EndGlobalSection
	GlobalSection(SolutionProperties) = preSolution
		HideSolutionNode = FALSE
	EndGlobalSection
	GlobalSection(ExtensibilityGlobals) = postSolution
		SolutionGuid = {C508A55C-FE40-4869-81D8-C0B7642492C4}
	EndGlobalSection
EndGlobal
